
Microsoft Visual Studio Solution File, Format Version 12.00
# Visual Studio Version 17
VisualStudioVersion = 17.0.31903.59
MinimumVisualStudioVersion = 10.0.40219.1
Project("{FAE04EC0-301F-11D3-BF4B-00C04F79EFBC}") = "Solar", "Solar\Solar.csproj", "{2500AC35-9BFB-4BD7-87AB-0414DD45F44E}"
EndProject
Project("{FAE04EC0-301F-11D3-BF4B-00C04F79EFBC}") = "Atom", "Atom\Atom.csproj", "{CDFAE875-BC3C-45C1-B91D-49749CCAA77D}"
EndProject
Global
	GlobalSection(SolutionConfigurationPlatforms) = preSolution
		Debug|Any CPU = Debug|Any CPU
		Release|Any CPU = Release|Any CPU
	EndGlobalSection
	GlobalSection(ProjectConfigurationPlatforms) = postSolution
		{2500AC35-9BFB-4BD7-87AB-0414DD45F44E}.Debug|Any CPU.ActiveCfg = Debug|Any CPU
		{2500AC35-9BFB-4BD7-87AB-0414DD45F44E}.Debug|Any CPU.Build.0 = Debug|Any CPU
		{2500AC35-9BFB-4BD7-87AB-0414DD45F44E}.Release|Any CPU.ActiveCfg = Release|Any CPU
		{2500AC35-9BFB-4BD7-87AB-0414DD45F44E}.Release|Any CPU.Build.0 = Release|Any CPU
		{CDFAE875-BC3C-45C1-B91D-49749CCAA77D}.Debug|Any CPU.ActiveCfg = Debug|Any CPU
		{CDFAE875-BC3C-45C1-B91D-49749CCAA77D}.Debug|Any CPU.Build.0 = Debug|Any CPU
		{CDFAE875-BC3C-45C1-B91D-49749CCAA77D}.Release|Any CPU.ActiveCfg = Release|Any CPU
		{CDFAE875-BC3C-45C1-B91D-49749CCAA77D}.Release|Any CPU.Build.0 = Release|Any CPU
	EndGlobalSection
	GlobalSection(SolutionProperties) = preSolution
		HideSolutionNode = FALSE
	EndGlobalSection
	GlobalSection(ExtensibilityGlobals) = postSolution
		SolutionGuid = {C1562A4C-7999-4249-8BC0-F32B406CF275}
	EndGlobalSection
EndGlobal
